
Microsoft Visual Studio Solution File, Format Version 12.00
# Visual Studio Version 16
VisualStudioVersion = 16.0.31424.327
MinimumVisualStudioVersion = 10.0.40219.1
Project("{FAE04EC0-301F-11D3-BF4B-00C04F79EFBC}") = "Conjur_POC", "Conjur_POC\Conjur_POC.csproj", "{56B73CFD-C7C9-48AC-8128-ED293C7E9965}"
EndProject
Project("{FAE04EC0-301F-11D3-BF4B-00C04F79EFBC}") = "conjur-api", "conjur-api\conjur-api.csproj", "{17D848FC-457D-49F0-B9A3-D87920AA8A8A}"
EndProject
Global
	GlobalSection(SolutionConfigurationPlatforms) = preSolution
		Debug|Any CPU = Debug|Any CPU
		Release|Any CPU = Release|Any CPU
	EndGlobalSection
	GlobalSection(ProjectConfigurationPlatforms) = postSolution
		{56B73CFD-C7C9-48AC-8128-ED293C7E9965}.Debug|Any CPU.ActiveCfg = Debug|Any CPU
		{56B73CFD-C7C9-48AC-8128-ED293C7E9965}.Debug|Any CPU.Build.0 = Debug|Any CPU
		{56B73CFD-C7C9-48AC-8128-ED293C7E9965}.Release|Any CPU.ActiveCfg = Release|Any CPU
		{56B73CFD-C7C9-48AC-8128-ED293C7E9965}.Release|Any CPU.Build.0 = Release|Any CPU
		{17D848FC-457D-49F0-B9A3-D87920AA8A8A}.Debug|Any CPU.ActiveCfg = Debug|Any CPU
		{17D848FC-457D-49F0-B9A3-D87920AA8A8A}.Debug|Any CPU.Build.0 = Debug|Any CPU
		{17D848FC-457D-49F0-B9A3-D87920AA8A8A}.Release|Any CPU.ActiveCfg = Release|Any CPU
		{17D848FC-457D-49F0-B9A3-D87920AA8A8A}.Release|Any CPU.Build.0 = Release|Any CPU
	EndGlobalSection
	GlobalSection(SolutionProperties) = preSolution
		HideSolutionNode = FALSE
	EndGlobalSection
	GlobalSection(ExtensibilityGlobals) = postSolution
		SolutionGuid = {431DBB20-EC4C-4081-BC86-21490A697967}
	EndGlobalSection
EndGlobal
